// !$*UTF8*$!
{
	archiveVersion = 1;
	classes = {
	};
	objectVersion = 52;
	objects = {

/* Begin PBXBuildFile section */
		7C5C711B24A9E7DD006DD0BB /* AppDelegate.swift in Sources */ = {isa = PBXBuildFile; fileRef = 7C5C711A24A9E7DD006DD0BB /* AppDelegate.swift */; };
		7C5C711D24A9E7DD006DD0BB /* SceneDelegate.swift in Sources */ = {isa = PBXBuildFile; fileRef = 7C5C711C24A9E7DD006DD0BB /* SceneDelegate.swift */; };
		7C5C711F24A9E7DD006DD0BB /* ViewController.swift in Sources */ = {isa = PBXBuildFile; fileRef = 7C5C711E24A9E7DD006DD0BB /* ViewController.swift */; };
		7C5C712224A9E7DD006DD0BB /* Main.storyboard in Resources */ = {isa = PBXBuildFile; fileRef = 7C5C712024A9E7DD006DD0BB /* Main.storyboard */; };
		7C5C712424A9E7DF006DD0BB /* Assets.xcassets in Resources */ = {isa = PBXBuildFile; fileRef = 7C5C712324A9E7DF006DD0BB /* Assets.xcassets */; };
		7C5C712724A9E7DF006DD0BB /* LaunchScreen.storyboard in Resources */ = {isa = PBXBuildFile; fileRef = 7C5C712524A9E7DF006DD0BB /* LaunchScreen.storyboard */; };
		7C5C713324AA05EF006DD0BB /* JGProgressHUD in Frameworks */ = {isa = PBXBuildFile; productRef = 7C5C713224AA05EF006DD0BB /* JGProgressHUD */; };
		7C5C713624AA0870006DD0BB /* SDWebImage in Frameworks */ = {isa = PBXBuildFile; productRef = 7C5C713524AA0870006DD0BB /* SDWebImage */; };
		7C5C713924AA08BF006DD0BB /* SwiftSoup in Frameworks */ = {isa = PBXBuildFile; productRef = 7C5C713824AA08BF006DD0BB /* SwiftSoup */; };
		7C5C713C24AA0A33006DD0BB /* SideMenu in Frameworks */ = {isa = PBXBuildFile; productRef = 7C5C713B24AA0A33006DD0BB /* SideMenu */; };
		7C5C713F24AA0D78006DD0BB /* RealmSwift in Frameworks */ = {isa = PBXBuildFile; productRef = 7C5C713E24AA0D78006DD0BB /* RealmSwift */; };
		7C5C714124AA0D78006DD0BB /* Realm in Frameworks */ = {isa = PBXBuildFile; productRef = 7C5C714024AA0D78006DD0BB /* Realm */; };
		7C5C714524AA1310006DD0BB /* CachedNews.swift in Sources */ = {isa = PBXBuildFile; fileRef = 7C5C714424AA1310006DD0BB /* CachedNews.swift */; };
		7C5C714724AA1662006DD0BB /* PieceOfNews.swift in Sources */ = {isa = PBXBuildFile; fileRef = 7C5C714624AA1662006DD0BB /* PieceOfNews.swift */; };
/* End PBXBuildFile section */

/* Begin PBXFileReference section */
		7C5C711724A9E7DD006DD0BB /* News Feed.app */ = {isa = PBXFileReference; explicitFileType = wrapper.application; includeInIndex = 0; path = "News Feed.app"; sourceTree = BUILT_PRODUCTS_DIR; };
		7C5C711A24A9E7DD006DD0BB /* AppDelegate.swift */ = {isa = PBXFileReference; lastKnownFileType = sourcecode.swift; path = AppDelegate.swift; sourceTree = "<group>"; };
		7C5C711C24A9E7DD006DD0BB /* SceneDelegate.swift */ = {isa = PBXFileReference; lastKnownFileType = sourcecode.swift; path = SceneDelegate.swift; sourceTree = "<group>"; };
		7C5C711E24A9E7DD006DD0BB /* ViewController.swift */ = {isa = PBXFileReference; lastKnownFileType = sourcecode.swift; path = ViewController.swift; sourceTree = "<group>"; };
		7C5C712124A9E7DD006DD0BB /* Base */ = {isa = PBXFileReference; lastKnownFileType = file.storyboard; name = Base; path = Base.lproj/Main.storyboard; sourceTree = "<group>"; };
		7C5C712324A9E7DF006DD0BB /* Assets.xcassets */ = {isa = PBXFileReference; lastKnownFileType = folder.assetcatalog; path = Assets.xcassets; sourceTree = "<group>"; };
		7C5C712624A9E7DF006DD0BB /* Base */ = {isa = PBXFileReference; lastKnownFileType = file.storyboard; name = Base; path = Base.lproj/LaunchScreen.storyboard; sourceTree = "<group>"; };
		7C5C712824A9E7DF006DD0BB /* Info.plist */ = {isa = PBXFileReference; lastKnownFileType = text.plist.xml; path = Info.plist; sourceTree = "<group>"; };
		7C5C714424AA1310006DD0BB /* CachedNews.swift */ = {isa = PBXFileReference; lastKnownFileType = sourcecode.swift; path = CachedNews.swift; sourceTree = "<group>"; };
		7C5C714624AA1662006DD0BB /* PieceOfNews.swift */ = {isa = PBXFileReference; lastKnownFileType = sourcecode.swift; path = PieceOfNews.swift; sourceTree = "<group>"; };
/* End PBXFileReference section */

/* Begin PBXFrameworksBuildPhase section */
		7C5C711424A9E7DD006DD0BB /* Frameworks */ = {
			isa = PBXFrameworksBuildPhase;
			buildActionMask = 2147483647;
			files = (
				7C5C714124AA0D78006DD0BB /* Realm in Frameworks */,
				7C5C713624AA0870006DD0BB /* SDWebImage in Frameworks */,
				7C5C713324AA05EF006DD0BB /* JGProgressHUD in Frameworks */,
				7C5C713C24AA0A33006DD0BB /* SideMenu in Frameworks */,
				7C5C713F24AA0D78006DD0BB /* RealmSwift in Frameworks */,
				7C5C713924AA08BF006DD0BB /* SwiftSoup in Frameworks */,
			);
			runOnlyForDeploymentPostprocessing = 0;
		};
/* End PBXFrameworksBuildPhase section */

/* Begin PBXGroup section */
		7C5C710E24A9E7DD006DD0BB = {
			isa = PBXGroup;
			children = (
				7C5C711924A9E7DD006DD0BB /* NewsFeed */,
				7C5C711824A9E7DD006DD0BB /* Products */,
			);
			sourceTree = "<group>";
		};
		7C5C711824A9E7DD006DD0BB /* Products */ = {
			isa = PBXGroup;
			children = (
				7C5C711724A9E7DD006DD0BB /* News Feed.app */,
			);
			name = Products;
			sourceTree = "<group>";
		};
		7C5C711924A9E7DD006DD0BB /* NewsFeed */ = {
			isa = PBXGroup;
			children = (
				7C5C712E24AA01B6006DD0BB /* Model */,
				7C5C712F24AA01C1006DD0BB /* View */,
				7C5C713024AA01DC006DD0BB /* Controller */,
				7C5C711A24A9E7DD006DD0BB /* AppDelegate.swift */,
				7C5C711C24A9E7DD006DD0BB /* SceneDelegate.swift */,
				7C5C711E24A9E7DD006DD0BB /* ViewController.swift */,
				7C5C712324A9E7DF006DD0BB /* Assets.xcassets */,
				7C5C712824A9E7DF006DD0BB /* Info.plist */,
			);
			path = NewsFeed;
			sourceTree = "<group>";
		};
		7C5C712E24AA01B6006DD0BB /* Model */ = {
			isa = PBXGroup;
			children = (
				7C5C714424AA1310006DD0BB /* CachedNews.swift */,
				7C5C714624AA1662006DD0BB /* PieceOfNews.swift */,
			);
			path = Model;
			sourceTree = "<group>";
		};
		7C5C712F24AA01C1006DD0BB /* View */ = {
			isa = PBXGroup;
			children = (
				7C5C712024A9E7DD006DD0BB /* Main.storyboard */,
				7C5C712524A9E7DF006DD0BB /* LaunchScreen.storyboard */,
			);
			path = View;
			sourceTree = "<group>";
		};
		7C5C713024AA01DC006DD0BB /* Controller */ = {
			isa = PBXGroup;
			children = (
			);
			path = Controller;
			sourceTree = "<group>";
		};
/* End PBXGroup section */

/* Begin PBXNativeTarget section */
		7C5C711624A9E7DD006DD0BB /* NewsFeed */ = {
			isa = PBXNativeTarget;
			buildConfigurationList = 7C5C712B24A9E7DF006DD0BB /* Build configuration list for PBXNativeTarget "NewsFeed" */;
			buildPhases = (
				7C5C711324A9E7DD006DD0BB /* Sources */,
				7C5C711424A9E7DD006DD0BB /* Frameworks */,
				7C5C711524A9E7DD006DD0BB /* Resources */,
			);
			buildRules = (
			);
			dependencies = (
			);
			name = NewsFeed;
			packageProductDependencies = (
				7C5C713224AA05EF006DD0BB /* JGProgressHUD */,
				7C5C713524AA0870006DD0BB /* SDWebImage */,
				7C5C713824AA08BF006DD0BB /* SwiftSoup */,
				7C5C713B24AA0A33006DD0BB /* SideMenu */,
				7C5C713E24AA0D78006DD0BB /* RealmSwift */,
				7C5C714024AA0D78006DD0BB /* Realm */,
			);
			productName = NewsFeed;
			productReference = 7C5C711724A9E7DD006DD0BB /* News Feed.app */;
			productType = "com.apple.product-type.application";
		};
/* End PBXNativeTarget section */

/* Begin PBXProject section */
		7C5C710F24A9E7DD006DD0BB /* Project object */ = {
			isa = PBXProject;
			attributes = {
				LastSwiftUpdateCheck = 1150;
				LastUpgradeCheck = 1150;
				ORGANIZATIONNAME = Kazybek;
				TargetAttributes = {
					7C5C711624A9E7DD006DD0BB = {
						CreatedOnToolsVersion = 11.5;
					};
				};
			};
			buildConfigurationList = 7C5C711224A9E7DD006DD0BB /* Build configuration list for PBXProject "NewsFeed" */;
			compatibilityVersion = "Xcode 11.0";
			developmentRegion = en;
			hasScannedForEncodings = 0;
			knownRegions = (
				en,
				Base,
			);
			mainGroup = 7C5C710E24A9E7DD006DD0BB;
			packageReferences = (
				7C5C713124AA05EF006DD0BB /* XCRemoteSwiftPackageReference "JGProgressHUD" */,
				7C5C713424AA0870006DD0BB /* XCRemoteSwiftPackageReference "SDWebImage" */,
				7C5C713724AA08BF006DD0BB /* XCRemoteSwiftPackageReference "SwiftSoup" */,
				7C5C713A24AA0A33006DD0BB /* XCRemoteSwiftPackageReference "SideMenu" */,
				7C5C713D24AA0D78006DD0BB /* XCRemoteSwiftPackageReference "realm-cocoa" */,
			);
			productRefGroup = 7C5C711824A9E7DD006DD0BB /* Products */;
			projectDirPath = "";
			projectRoot = "";
			targets = (
				7C5C711624A9E7DD006DD0BB /* NewsFeed */,
			);
		};
/* End PBXProject section */

/* Begin PBXResourcesBuildPhase section */
		7C5C711524A9E7DD006DD0BB /* Resources */ = {
			isa = PBXResourcesBuildPhase;
			buildActionMask = 2147483647;
			files = (
				7C5C712724A9E7DF006DD0BB /* LaunchScreen.storyboard in Resources */,
				7C5C712424A9E7DF006DD0BB /* Assets.xcassets in Resources */,
				7C5C712224A9E7DD006DD0BB /* Main.storyboard in Resources */,
			);
			runOnlyForDeploymentPostprocessing = 0;
		};
/* End PBXResourcesBuildPhase section */

/* Begin PBXSourcesBuildPhase section */
		7C5C711324A9E7DD006DD0BB /* Sources */ = {
			isa = PBXSourcesBuildPhase;
			buildActionMask = 2147483647;
			files = (
				7C5C711F24A9E7DD006DD0BB /* ViewController.swift in Sources */,
				7C5C711B24A9E7DD006DD0BB /* AppDelegate.swift in Sources */,
				7C5C711D24A9E7DD006DD0BB /* SceneDelegate.swift in Sources */,
				7C5C714524AA1310006DD0BB /* CachedNews.swift in Sources */,
				7C5C714724AA1662006DD0BB /* PieceOfNews.swift in Sources */,
			);
			runOnlyForDeploymentPostprocessing = 0;
		};
/* End PBXSourcesBuildPhase section */

/* Begin PBXVariantGroup section */
		7C5C712024A9E7DD006DD0BB /* Main.storyboard */ = {
			isa = PBXVariantGroup;
			children = (
				7C5C712124A9E7DD006DD0BB /* Base */,
			);
			name = Main.storyboard;
			sourceTree = "<group>";
		};
		7C5C712524A9E7DF006DD0BB /* LaunchScreen.storyboard */ = {
			isa = PBXVariantGroup;
			children = (
				7C5C712624A9E7DF006DD0BB /* Base */,
			);
			name = LaunchScreen.storyboard;
			sourceTree = "<group>";
		};
/* End PBXVariantGroup section */

/* Begin XCBuildConfiguration section */
		7C5C712924A9E7DF006DD0BB /* Debug */ = {
			isa = XCBuildConfiguration;
			buildSettings = {
				ALWAYS_SEARCH_USER_PATHS = NO;
				CLANG_ANALYZER_NONNULL = YES;
				CLANG_ANALYZER_NUMBER_OBJECT_CONVERSION = YES_AGGRESSIVE;
				CLANG_CXX_LANGUAGE_STANDARD = "gnu++14";
				CLANG_CXX_LIBRARY = "libc++";
				CLANG_ENABLE_MODULES = YES;
				CLANG_ENABLE_OBJC_ARC = YES;
				CLANG_ENABLE_OBJC_WEAK = YES;
				CLANG_WARN_BLOCK_CAPTURE_AUTORELEASING = YES;
				CLANG_WARN_BOOL_CONVERSION = YES;
				CLANG_WARN_COMMA = YES;
				CLANG_WARN_CONSTANT_CONVERSION = YES;
				CLANG_WARN_DEPRECATED_OBJC_IMPLEMENTATIONS = YES;
				CLANG_WARN_DIRECT_OBJC_ISA_USAGE = YES_ERROR;
				CLANG_WARN_DOCUMENTATION_COMMENTS = YES;
				CLANG_WARN_EMPTY_BODY = YES;
				CLANG_WARN_ENUM_CONVERSION = YES;
				CLANG_WARN_INFINITE_RECURSION = YES;
				CLANG_WARN_INT_CONVERSION = YES;
				CLANG_WARN_NON_LITERAL_NULL_CONVERSION = YES;
				CLANG_WARN_OBJC_IMPLICIT_RETAIN_SELF = YES;
				CLANG_WARN_OBJC_LITERAL_CONVERSION = YES;
				CLANG_WARN_OBJC_ROOT_CLASS = YES_ERROR;
				CLANG_WARN_RANGE_LOOP_ANALYSIS = YES;
				CLANG_WARN_STRICT_PROTOTYPES = YES;
				CLANG_WARN_SUSPICIOUS_MOVE = YES;
				CLANG_WARN_UNGUARDED_AVAILABILITY = YES_AGGRESSIVE;
				CLANG_WARN_UNREACHABLE_CODE = YES;
				CLANG_WARN__DUPLICATE_METHOD_MATCH = YES;
				COPY_PHASE_STRIP = NO;
				DEBUG_INFORMATION_FORMAT = dwarf;
				ENABLE_STRICT_OBJC_MSGSEND = YES;
				ENABLE_TESTABILITY = YES;
				GCC_C_LANGUAGE_STANDARD = gnu11;
				GCC_DYNAMIC_NO_PIC = NO;
				GCC_NO_COMMON_BLOCKS = YES;
				GCC_OPTIMIZATION_LEVEL = 0;
				GCC_PREPROCESSOR_DEFINITIONS = (
					"DEBUG=1",
					"$(inherited)",
				);
				GCC_WARN_64_TO_32_BIT_CONVERSION = YES;
				GCC_WARN_ABOUT_RETURN_TYPE = YES_ERROR;
				GCC_WARN_UNDECLARED_SELECTOR = YES;
				GCC_WARN_UNINITIALIZED_AUTOS = YES_AGGRESSIVE;
				GCC_WARN_UNUSED_FUNCTION = YES;
				GCC_WARN_UNUSED_VARIABLE = YES;
				IPHONEOS_DEPLOYMENT_TARGET = 13.5;
				MTL_ENABLE_DEBUG_INFO = INCLUDE_SOURCE;
				MTL_FAST_MATH = YES;
				ONLY_ACTIVE_ARCH = YES;
				SDKROOT = iphoneos;
				SWIFT_ACTIVE_COMPILATION_CONDITIONS = DEBUG;
				SWIFT_OPTIMIZATION_LEVEL = "-Onone";
			};
			name = Debug;
		};
		7C5C712A24A9E7DF006DD0BB /* Release */ = {
			isa = XCBuildConfiguration;
			buildSettings = {
				ALWAYS_SEARCH_USER_PATHS = NO;
				CLANG_ANALYZER_NONNULL = YES;
				CLANG_ANALYZER_NUMBER_OBJECT_CONVERSION = YES_AGGRESSIVE;
				CLANG_CXX_LANGUAGE_STANDARD = "gnu++14";
				CLANG_CXX_LIBRARY = "libc++";
				CLANG_ENABLE_MODULES = YES;
				CLANG_ENABLE_OBJC_ARC = YES;
				CLANG_ENABLE_OBJC_WEAK = YES;
				CLANG_WARN_BLOCK_CAPTURE_AUTORELEASING = YES;
				CLANG_WARN_BOOL_CONVERSION = YES;
				CLANG_WARN_COMMA = YES;
				CLANG_WARN_CONSTANT_CONVERSION = YES;
				CLANG_WARN_DEPRECATED_OBJC_IMPLEMENTATIONS = YES;
				CLANG_WARN_DIRECT_OBJC_ISA_USAGE = YES_ERROR;
				CLANG_WARN_DOCUMENTATION_COMMENTS = YES;
				CLANG_WARN_EMPTY_BODY = YES;
				CLANG_WARN_ENUM_CONVERSION = YES;
				CLANG_WARN_INFINITE_RECURSION = YES;
				CLANG_WARN_INT_CONVERSION = YES;
				CLANG_WARN_NON_LITERAL_NULL_CONVERSION = YES;
				CLANG_WARN_OBJC_IMPLICIT_RETAIN_SELF = YES;
				CLANG_WARN_OBJC_LITERAL_CONVERSION = YES;
				CLANG_WARN_OBJC_ROOT_CLASS = YES_ERROR;
				CLANG_WARN_RANGE_LOOP_ANALYSIS = YES;
				CLANG_WARN_STRICT_PROTOTYPES = YES;
				CLANG_WARN_SUSPICIOUS_MOVE = YES;
				CLANG_WARN_UNGUARDED_AVAILABILITY = YES_AGGRESSIVE;
				CLANG_WARN_UNREACHABLE_CODE = YES;
				CLANG_WARN__DUPLICATE_METHOD_MATCH = YES;
				COPY_PHASE_STRIP = NO;
				DEBUG_INFORMATION_FORMAT = "dwarf-with-dsym";
				ENABLE_NS_ASSERTIONS = NO;
				ENABLE_STRICT_OBJC_MSGSEND = YES;
				GCC_C_LANGUAGE_STANDARD = gnu11;
				GCC_NO_COMMON_BLOCKS = YES;
				GCC_WARN_64_TO_32_BIT_CONVERSION = YES;
				GCC_WARN_ABOUT_RETURN_TYPE = YES_ERROR;
				GCC_WARN_UNDECLARED_SELECTOR = YES;
				GCC_WARN_UNINITIALIZED_AUTOS = YES_AGGRESSIVE;
				GCC_WARN_UNUSED_FUNCTION = YES;
				GCC_WARN_UNUSED_VARIABLE = YES;
				IPHONEOS_DEPLOYMENT_TARGET = 13.5;
				MTL_ENABLE_DEBUG_INFO = NO;
				MTL_FAST_MATH = YES;
				SDKROOT = iphoneos;
				SWIFT_COMPILATION_MODE = wholemodule;
				SWIFT_OPTIMIZATION_LEVEL = "-O";
				VALIDATE_PRODUCT = YES;
			};
			name = Release;
		};
		7C5C712C24A9E7DF006DD0BB /* Debug */ = {
			isa = XCBuildConfiguration;
			buildSettings = {
				ASSETCATALOG_COMPILER_APPICON_NAME = AppIcon;
				CODE_SIGN_STYLE = Automatic;
				DEVELOPMENT_TEAM = 5K554A9BGV;
				INFOPLIST_FILE = NewsFeed/Info.plist;
				LD_RUNPATH_SEARCH_PATHS = (
					"$(inherited)",
					"@executable_path/Frameworks",
				);
				PRODUCT_BUNDLE_IDENTIFIER = Zhapparkulov.NewsFeed;
				PRODUCT_NAME = "News Feed";
				SWIFT_VERSION = 5.0;
				TARGETED_DEVICE_FAMILY = "1,2";
			};
			name = Debug;
		};
		7C5C712D24A9E7DF006DD0BB /* Release */ = {
			isa = XCBuildConfiguration;
			buildSettings = {
				ASSETCATALOG_COMPILER_APPICON_NAME = AppIcon;
				CODE_SIGN_STYLE = Automatic;
				DEVELOPMENT_TEAM = 5K554A9BGV;
				INFOPLIST_FILE = NewsFeed/Info.plist;
				LD_RUNPATH_SEARCH_PATHS = (
					"$(inherited)",
					"@executable_path/Frameworks",
				);
				PRODUCT_BUNDLE_IDENTIFIER = Zhapparkulov.NewsFeed;
				PRODUCT_NAME = "News Feed";
				SWIFT_VERSION = 5.0;
				TARGETED_DEVICE_FAMILY = "1,2";
			};
			name = Release;
		};
/* End XCBuildConfiguration section */

/* Begin XCConfigurationList section */
		7C5C711224A9E7DD006DD0BB /* Build configuration list for PBXProject "NewsFeed" */ = {
			isa = XCConfigurationList;
			buildConfigurations = (
				7C5C712924A9E7DF006DD0BB /* Debug */,
				7C5C712A24A9E7DF006DD0BB /* Release */,
			);
			defaultConfigurationIsVisible = 0;
			defaultConfigurationName = Release;
		};
		7C5C712B24A9E7DF006DD0BB /* Build configuration list for PBXNativeTarget "NewsFeed" */ = {
			isa = XCConfigurationList;
			buildConfigurations = (
				7C5C712C24A9E7DF006DD0BB /* Debug */,
				7C5C712D24A9E7DF006DD0BB /* Release */,
			);
			defaultConfigurationIsVisible = 0;
			defaultConfigurationName = Release;
		};
/* End XCConfigurationList section */

/* Begin XCRemoteSwiftPackageReference section */
		7C5C713124AA05EF006DD0BB /* XCRemoteSwiftPackageReference "JGProgressHUD" */ = {
			isa = XCRemoteSwiftPackageReference;
			repositoryURL = "https://github.com/JonasGessner/JGProgressHUD.git";
			requirement = {
				kind = upToNextMajorVersion;
				minimumVersion = 2.1.0;
			};
		};
		7C5C713424AA0870006DD0BB /* XCRemoteSwiftPackageReference "SDWebImage" */ = {
			isa = XCRemoteSwiftPackageReference;
			repositoryURL = "https://github.com/SDWebImage/SDWebImage.git";
			requirement = {
				kind = upToNextMajorVersion;
				minimumVersion = 5.8.2;
			};
		};
		7C5C713724AA08BF006DD0BB /* XCRemoteSwiftPackageReference "SwiftSoup" */ = {
			isa = XCRemoteSwiftPackageReference;
			repositoryURL = "https://github.com/scinfu/SwiftSoup.git";
			requirement = {
				kind = upToNextMajorVersion;
				minimumVersion = 2.3.2;
			};
		};
		7C5C713A24AA0A33006DD0BB /* XCRemoteSwiftPackageReference "SideMenu" */ = {
			isa = XCRemoteSwiftPackageReference;
			repositoryURL = "https://github.com/jonkykong/SideMenu.git";
			requirement = {
				kind = upToNextMajorVersion;
				minimumVersion = 6.4.8;
			};
		};
		7C5C713D24AA0D78006DD0BB /* XCRemoteSwiftPackageReference "realm-cocoa" */ = {
			isa = XCRemoteSwiftPackageReference;
			repositoryURL = "https://github.com/realm/realm-cocoa.git";
			requirement = {
				kind = upToNextMajorVersion;
				minimumVersion = 5.1.0;
			};
		};
/* End XCRemoteSwiftPackageReference section */

/* Begin XCSwiftPackageProductDependency section */
		7C5C713224AA05EF006DD0BB /* JGProgressHUD */ = {
			isa = XCSwiftPackageProductDependency;
			package = 7C5C713124AA05EF006DD0BB /* XCRemoteSwiftPackageReference "JGProgressHUD" */;
			productName = JGProgressHUD;
		};
		7C5C713524AA0870006DD0BB /* SDWebImage */ = {
			isa = XCSwiftPackageProductDependency;
			package = 7C5C713424AA0870006DD0BB /* XCRemoteSwiftPackageReference "SDWebImage" */;
			productName = SDWebImage;
		};
		7C5C713824AA08BF006DD0BB /* SwiftSoup */ = {
			isa = XCSwiftPackageProductDependency;
			package = 7C5C713724AA08BF006DD0BB /* XCRemoteSwiftPackageReference "SwiftSoup" */;
			productName = SwiftSoup;
		};
		7C5C713B24AA0A33006DD0BB /* SideMenu */ = {
			isa = XCSwiftPackageProductDependency;
			package = 7C5C713A24AA0A33006DD0BB /* XCRemoteSwiftPackageReference "SideMenu" */;
			productName = SideMenu;
		};
		7C5C713E24AA0D78006DD0BB /* RealmSwift */ = {
			isa = XCSwiftPackageProductDependency;
			package = 7C5C713D24AA0D78006DD0BB /* XCRemoteSwiftPackageReference "realm-cocoa" */;
			productName = RealmSwift;
		};
		7C5C714024AA0D78006DD0BB /* Realm */ = {
			isa = XCSwiftPackageProductDependency;
			package = 7C5C713D24AA0D78006DD0BB /* XCRemoteSwiftPackageReference "realm-cocoa" */;
			productName = Realm;
		};
/* End XCSwiftPackageProductDependency section */
	};
	rootObject = 7C5C710F24A9E7DD006DD0BB /* Project object */;
}
