// !$*UTF8*$!
{
	archiveVersion = 1;
	classes = {
	};
	objectVersion = 52;
	objects = {

/* Begin PBXBuildFile section */
		7C5C711B24A9E7DD006DD0BB /* AppDelegate.swift in Sources */ = {isa = PBXBuildFile; fileRef = 7C5C711A24A9E7DD006DD0BB /* AppDelegate.swift */; };
		7C5C711D24A9E7DD006DD0BB /* SceneDelegate.swift in Sources */ = {isa = PBXBuildFile; fileRef = 7C5C711C24A9E7DD006DD0BB /* SceneDelegate.swift */; };
		7C5C712224A9E7DD006DD0BB /* Main.storyboard in Resources */ = {isa = PBXBuildFile; fileRef = 7C5C712024A9E7DD006DD0BB /* Main.storyboard */; };
		7C5C712424A9E7DF006DD0BB /* Assets.xcassets in Resources */ = {isa = PBXBuildFile; fileRef = 7C5C712324A9E7DF006DD0BB /* Assets.xcassets */; };
		7C5C712724A9E7DF006DD0BB /* LaunchScreen.storyboard in Resources */ = {isa = PBXBuildFile; fileRef = 7C5C712524A9E7DF006DD0BB /* LaunchScreen.storyboard */; };
		7C5C713324AA05EF006DD0BB /* JGProgressHUD in Frameworks */ = {isa = PBXBuildFile; productRef = 7C5C713224AA05EF006DD0BB /* JGProgressHUD */; };
		7C5C713924AA08BF006DD0BB /* SwiftSoup in Frameworks */ = {isa = PBXBuildFile; productRef = 7C5C713824AA08BF006DD0BB /* SwiftSoup */; };
		7C5C713C24AA0A33006DD0BB /* SideMenu in Frameworks */ = {isa = PBXBuildFile; productRef = 7C5C713B24AA0A33006DD0BB /* SideMenu */; };
		7C5C714524AA1310006DD0BB /* CachedNews.swift in Sources */ = {isa = PBXBuildFile; fileRef = 7C5C714424AA1310006DD0BB /* CachedNews.swift */; };
		7C5C714724AA1662006DD0BB /* PieceOfNews.swift in Sources */ = {isa = PBXBuildFile; fileRef = 7C5C714624AA1662006DD0BB /* PieceOfNews.swift */; };
		7C5C714924AA1721006DD0BB /* NewsTableViewController.swift in Sources */ = {isa = PBXBuildFile; fileRef = 7C5C714824AA1721006DD0BB /* NewsTableViewController.swift */; };
		7C5C714C24AA18BC006DD0BB /* SDWebImageSVGCoder in Frameworks */ = {isa = PBXBuildFile; productRef = 7C5C714B24AA18BC006DD0BB /* SDWebImageSVGCoder */; };
		7C5C714E24AA1CDE006DD0BB /* SideBarController.swift in Sources */ = {isa = PBXBuildFile; fileRef = 7C5C714D24AA1CDE006DD0BB /* SideBarController.swift */; };
		7C5C715024AA1DCD006DD0BB /* NewsDetailViewController.swift in Sources */ = {isa = PBXBuildFile; fileRef = 7C5C714F24AA1DCD006DD0BB /* NewsDetailViewController.swift */; };
		7C5C715224AA1E6C006DD0BB /* SearchViewController.swift in Sources */ = {isa = PBXBuildFile; fileRef = 7C5C715124AA1E6C006DD0BB /* SearchViewController.swift */; };
		7C5C715424AA1EF1006DD0BB /* SavedTableViewController.swift in Sources */ = {isa = PBXBuildFile; fileRef = 7C5C715324AA1EF1006DD0BB /* SavedTableViewController.swift */; };
		7C5C715624AA1F20006DD0BB /* NewsProvider.swift in Sources */ = {isa = PBXBuildFile; fileRef = 7C5C715524AA1F20006DD0BB /* NewsProvider.swift */; };
		7C5C715824AA1F40006DD0BB /* NotificationProvider.swift in Sources */ = {isa = PBXBuildFile; fileRef = 7C5C715724AA1F40006DD0BB /* NotificationProvider.swift */; };
		7C5C715A24AA1FE9006DD0BB /* Extensions.swift in Sources */ = {isa = PBXBuildFile; fileRef = 7C5C715924AA1FE9006DD0BB /* Extensions.swift */; };
		7C5C715C24AA2023006DD0BB /* NewsTableViewCell.swift in Sources */ = {isa = PBXBuildFile; fileRef = 7C5C715B24AA2023006DD0BB /* NewsTableViewCell.swift */; };
		7C5C715E24AA2049006DD0BB /* NewsSavedTableViewCell.swift in Sources */ = {isa = PBXBuildFile; fileRef = 7C5C715D24AA2049006DD0BB /* NewsSavedTableViewCell.swift */; };
		7C5C716024AA2064006DD0BB /* SearchTableViewCell.swift in Sources */ = {isa = PBXBuildFile; fileRef = 7C5C715F24AA2064006DD0BB /* SearchTableViewCell.swift */; };
		7C5C716224ACA438006DD0BB /* AboutViewController.swift in Sources */ = {isa = PBXBuildFile; fileRef = 7C5C716124ACA438006DD0BB /* AboutViewController.swift */; };
		AF829A27B36DA8E11DA74433 /* Pods_NewsFeed.framework in Frameworks */ = {isa = PBXBuildFile; fileRef = 67EEA7A48D79BC93A6E28BF7 /* Pods_NewsFeed.framework */; };
/* End PBXBuildFile section */

/* Begin PBXFileReference section */
		67EEA7A48D79BC93A6E28BF7 /* Pods_NewsFeed.framework */ = {isa = PBXFileReference; explicitFileType = wrapper.framework; includeInIndex = 0; path = Pods_NewsFeed.framework; sourceTree = BUILT_PRODUCTS_DIR; };
		7C57F20224B0C1490024A82B /* README.md */ = {isa = PBXFileReference; lastKnownFileType = net.daringfireball.markdown; path = README.md; sourceTree = "<group>"; };
		7C5C711724A9E7DD006DD0BB /* News Feed.app */ = {isa = PBXFileReference; explicitFileType = wrapper.application; includeInIndex = 0; path = "News Feed.app"; sourceTree = BUILT_PRODUCTS_DIR; };
		7C5C711A24A9E7DD006DD0BB /* AppDelegate.swift */ = {isa = PBXFileReference; lastKnownFileType = sourcecode.swift; path = AppDelegate.swift; sourceTree = "<group>"; };
		7C5C711C24A9E7DD006DD0BB /* SceneDelegate.swift */ = {isa = PBXFileReference; lastKnownFileType = sourcecode.swift; path = SceneDelegate.swift; sourceTree = "<group>"; };
		7C5C712124A9E7DD006DD0BB /* Base */ = {isa = PBXFileReference; lastKnownFileType = file.storyboard; name = Base; path = Base.lproj/Main.storyboard; sourceTree = "<group>"; };
		7C5C712324A9E7DF006DD0BB /* Assets.xcassets */ = {isa = PBXFileReference; lastKnownFileType = folder.assetcatalog; path = Assets.xcassets; sourceTree = "<group>"; };
		7C5C712624A9E7DF006DD0BB /* Base */ = {isa = PBXFileReference; lastKnownFileType = file.storyboard; name = Base; path = Base.lproj/LaunchScreen.storyboard; sourceTree = "<group>"; };
		7C5C712824A9E7DF006DD0BB /* Info.plist */ = {isa = PBXFileReference; lastKnownFileType = text.plist.xml; path = Info.plist; sourceTree = "<group>"; };
		7C5C714424AA1310006DD0BB /* CachedNews.swift */ = {isa = PBXFileReference; lastKnownFileType = sourcecode.swift; path = CachedNews.swift; sourceTree = "<group>"; };
		7C5C714624AA1662006DD0BB /* PieceOfNews.swift */ = {isa = PBXFileReference; lastKnownFileType = sourcecode.swift; path = PieceOfNews.swift; sourceTree = "<group>"; };
		7C5C714824AA1721006DD0BB /* NewsTableViewController.swift */ = {isa = PBXFileReference; lastKnownFileType = sourcecode.swift; path = NewsTableViewController.swift; sourceTree = "<group>"; };
		7C5C714D24AA1CDE006DD0BB /* SideBarController.swift */ = {isa = PBXFileReference; lastKnownFileType = sourcecode.swift; path = SideBarController.swift; sourceTree = "<group>"; };
		7C5C714F24AA1DCD006DD0BB /* NewsDetailViewController.swift */ = {isa = PBXFileReference; lastKnownFileType = sourcecode.swift; path = NewsDetailViewController.swift; sourceTree = "<group>"; };
		7C5C715124AA1E6C006DD0BB /* SearchViewController.swift */ = {isa = PBXFileReference; lastKnownFileType = sourcecode.swift; path = SearchViewController.swift; sourceTree = "<group>"; };
		7C5C715324AA1EF1006DD0BB /* SavedTableViewController.swift */ = {isa = PBXFileReference; lastKnownFileType = sourcecode.swift; path = SavedTableViewController.swift; sourceTree = "<group>"; };
		7C5C715524AA1F20006DD0BB /* NewsProvider.swift */ = {isa = PBXFileReference; lastKnownFileType = sourcecode.swift; path = NewsProvider.swift; sourceTree = "<group>"; };
		7C5C715724AA1F40006DD0BB /* NotificationProvider.swift */ = {isa = PBXFileReference; lastKnownFileType = sourcecode.swift; path = NotificationProvider.swift; sourceTree = "<group>"; };
		7C5C715924AA1FE9006DD0BB /* Extensions.swift */ = {isa = PBXFileReference; lastKnownFileType = sourcecode.swift; path = Extensions.swift; sourceTree = "<group>"; };
		7C5C715B24AA2023006DD0BB /* NewsTableViewCell.swift */ = {isa = PBXFileReference; lastKnownFileType = sourcecode.swift; path = NewsTableViewCell.swift; sourceTree = "<group>"; };
		7C5C715D24AA2049006DD0BB /* NewsSavedTableViewCell.swift */ = {isa = PBXFileReference; lastKnownFileType = sourcecode.swift; path = NewsSavedTableViewCell.swift; sourceTree = "<group>"; };
		7C5C715F24AA2064006DD0BB /* SearchTableViewCell.swift */ = {isa = PBXFileReference; lastKnownFileType = sourcecode.swift; path = SearchTableViewCell.swift; sourceTree = "<group>"; };
		7C5C716124ACA438006DD0BB /* AboutViewController.swift */ = {isa = PBXFileReference; lastKnownFileType = sourcecode.swift; path = AboutViewController.swift; sourceTree = "<group>"; };
		E42E8CC5A70FB401F3FF9450 /* Pods-NewsFeed.debug.xcconfig */ = {isa = PBXFileReference; includeInIndex = 1; lastKnownFileType = text.xcconfig; name = "Pods-NewsFeed.debug.xcconfig"; path = "Target Support Files/Pods-NewsFeed/Pods-NewsFeed.debug.xcconfig"; sourceTree = "<group>"; };
		E91547E4096F24356EA63D13 /* Pods-NewsFeed.release.xcconfig */ = {isa = PBXFileReference; includeInIndex = 1; lastKnownFileType = text.xcconfig; name = "Pods-NewsFeed.release.xcconfig"; path = "Target Support Files/Pods-NewsFeed/Pods-NewsFeed.release.xcconfig"; sourceTree = "<group>"; };
/* End PBXFileReference section */

/* Begin PBXFrameworksBuildPhase section */
		7C5C711424A9E7DD006DD0BB /* Frameworks */ = {
			isa = PBXFrameworksBuildPhase;
			buildActionMask = 2147483647;
			files = (
				7C5C713324AA05EF006DD0BB /* JGProgressHUD in Frameworks */,
				7C5C713C24AA0A33006DD0BB /* SideMenu in Frameworks */,
				7C5C714C24AA18BC006DD0BB /* SDWebImageSVGCoder in Frameworks */,
				7C5C713924AA08BF006DD0BB /* SwiftSoup in Frameworks */,
				AF829A27B36DA8E11DA74433 /* Pods_NewsFeed.framework in Frameworks */,
			);
			runOnlyForDeploymentPostprocessing = 0;
		};
/* End PBXFrameworksBuildPhase section */

/* Begin PBXGroup section */
		40B7082CF052946FF15BBD5F /* Frameworks */ = {
			isa = PBXGroup;
			children = (
				67EEA7A48D79BC93A6E28BF7 /* Pods_NewsFeed.framework */,
			);
			name = Frameworks;
			sourceTree = "<group>";
		};
		7C5C710E24A9E7DD006DD0BB = {
			isa = PBXGroup;
			children = (
				7C57F20224B0C1490024A82B /* README.md */,
				7C5C711924A9E7DD006DD0BB /* NewsFeed */,
				7C5C711824A9E7DD006DD0BB /* Products */,
				D41D3EF026E3E9E35AA0920B /* Pods */,
				40B7082CF052946FF15BBD5F /* Frameworks */,
			);
			sourceTree = "<group>";
		};
		7C5C711824A9E7DD006DD0BB /* Products */ = {
			isa = PBXGroup;
			children = (
				7C5C711724A9E7DD006DD0BB /* News Feed.app */,
			);
			name = Products;
			sourceTree = "<group>";
		};
		7C5C711924A9E7DD006DD0BB /* NewsFeed */ = {
			isa = PBXGroup;
			children = (
				7C5C712E24AA01B6006DD0BB /* Model */,
				7C5C712F24AA01C1006DD0BB /* View */,
				7C5C713024AA01DC006DD0BB /* Controller */,
				7C5C711A24A9E7DD006DD0BB /* AppDelegate.swift */,
				7C5C711C24A9E7DD006DD0BB /* SceneDelegate.swift */,
				7C5C712324A9E7DF006DD0BB /* Assets.xcassets */,
				7C5C712824A9E7DF006DD0BB /* Info.plist */,
				7C5C715924AA1FE9006DD0BB /* Extensions.swift */,
			);
			path = NewsFeed;
			sourceTree = "<group>";
		};
		7C5C712E24AA01B6006DD0BB /* Model */ = {
			isa = PBXGroup;
			children = (
				7C5C714424AA1310006DD0BB /* CachedNews.swift */,
				7C5C714624AA1662006DD0BB /* PieceOfNews.swift */,
				7C5C715524AA1F20006DD0BB /* NewsProvider.swift */,
				7C5C715724AA1F40006DD0BB /* NotificationProvider.swift */,
			);
			path = Model;
			sourceTree = "<group>";
		};
		7C5C712F24AA01C1006DD0BB /* View */ = {
			isa = PBXGroup;
			children = (
				7C5C712024A9E7DD006DD0BB /* Main.storyboard */,
				7C5C712524A9E7DF006DD0BB /* LaunchScreen.storyboard */,
				7C5C715B24AA2023006DD0BB /* NewsTableViewCell.swift */,
				7C5C715D24AA2049006DD0BB /* NewsSavedTableViewCell.swift */,
				7C5C715F24AA2064006DD0BB /* SearchTableViewCell.swift */,
			);
			path = View;
			sourceTree = "<group>";
		};
		7C5C713024AA01DC006DD0BB /* Controller */ = {
			isa = PBXGroup;
			children = (
				7C5C714824AA1721006DD0BB /* NewsTableViewController.swift */,
				7C5C714F24AA1DCD006DD0BB /* NewsDetailViewController.swift */,
				7C5C715124AA1E6C006DD0BB /* SearchViewController.swift */,
				7C5C714D24AA1CDE006DD0BB /* SideBarController.swift */,
				7C5C715324AA1EF1006DD0BB /* SavedTableViewController.swift */,
				7C5C716124ACA438006DD0BB /* AboutViewController.swift */,
			);
			path = Controller;
			sourceTree = "<group>";
		};
		D41D3EF026E3E9E35AA0920B /* Pods */ = {
			isa = PBXGroup;
			children = (
				E42E8CC5A70FB401F3FF9450 /* Pods-NewsFeed.debug.xcconfig */,
				E91547E4096F24356EA63D13 /* Pods-NewsFeed.release.xcconfig */,
			);
			path = Pods;
			sourceTree = "<group>";
		};
/* End PBXGroup section */

/* Begin PBXNativeTarget section */
		7C5C711624A9E7DD006DD0BB /* NewsFeed */ = {
			isa = PBXNativeTarget;
			buildConfigurationList = 7C5C712B24A9E7DF006DD0BB /* Build configuration list for PBXNativeTarget "NewsFeed" */;
			buildPhases = (
				65F7060FDDC4C855A89FEAA2 /* [CP] Check Pods Manifest.lock */,
				7C5C711324A9E7DD006DD0BB /* Sources */,
				7C5C711424A9E7DD006DD0BB /* Frameworks */,
				7C5C711524A9E7DD006DD0BB /* Resources */,
				A18DEE872073CA2B15F898DC /* [CP] Embed Pods Frameworks */,
			);
			buildRules = (
			);
			dependencies = (
			);
			name = NewsFeed;
			packageProductDependencies = (
				7C5C713224AA05EF006DD0BB /* JGProgressHUD */,
				7C5C713824AA08BF006DD0BB /* SwiftSoup */,
				7C5C713B24AA0A33006DD0BB /* SideMenu */,
				7C5C714B24AA18BC006DD0BB /* SDWebImageSVGCoder */,
			);
			productName = NewsFeed;
			productReference = 7C5C711724A9E7DD006DD0BB /* News Feed.app */;
			productType = "com.apple.product-type.application";
		};
/* End PBXNativeTarget section */

/* Begin PBXProject section */
		7C5C710F24A9E7DD006DD0BB /* Project object */ = {
			isa = PBXProject;
			attributes = {
				LastSwiftUpdateCheck = 1150;
				LastUpgradeCheck = 1150;
				ORGANIZATIONNAME = Kazybek;
				TargetAttributes = {
					7C5C711624A9E7DD006DD0BB = {
						CreatedOnToolsVersion = 11.5;
					};
				};
			};
			buildConfigurationList = 7C5C711224A9E7DD006DD0BB /* Build configuration list for PBXProject "NewsFeed" */;
			compatibilityVersion = "Xcode 9.3";
			developmentRegion = en;
			hasScannedForEncodings = 0;
			knownRegions = (
				en,
				Base,
			);
			mainGroup = 7C5C710E24A9E7DD006DD0BB;
			packageReferences = (
				7C5C713124AA05EF006DD0BB /* XCRemoteSwiftPackageReference "JGProgressHUD" */,
				7C5C713724AA08BF006DD0BB /* XCRemoteSwiftPackageReference "SwiftSoup" */,
				7C5C713A24AA0A33006DD0BB /* XCRemoteSwiftPackageReference "SideMenu" */,
				7C5C714A24AA18BC006DD0BB /* XCRemoteSwiftPackageReference "SDWebImageSVGCoder" */,
			);
			productRefGroup = 7C5C711824A9E7DD006DD0BB /* Products */;
			projectDirPath = "";
			projectRoot = "";
			targets = (
				7C5C711624A9E7DD006DD0BB /* NewsFeed */,
			);
		};
/* End PBXProject section */

/* Begin PBXResourcesBuildPhase section */
		7C5C711524A9E7DD006DD0BB /* Resources */ = {
			isa = PBXResourcesBuildPhase;
			buildActionMask = 2147483647;
			files = (
				7C5C712724A9E7DF006DD0BB /* LaunchScreen.storyboard in Resources */,
				7C5C712424A9E7DF006DD0BB /* Assets.xcassets in Resources */,
				7C5C712224A9E7DD006DD0BB /* Main.storyboard in Resources */,
			);
			runOnlyForDeploymentPostprocessing = 0;
		};
/* End PBXResourcesBuildPhase section */

/* Begin PBXShellScriptBuildPhase section */
		65F7060FDDC4C855A89FEAA2 /* [CP] Check Pods Manifest.lock */ = {
			isa = PBXShellScriptBuildPhase;
			buildActionMask = 2147483647;
			files = (
			);
			inputFileListPaths = (
			);
			inputPaths = (
				"${PODS_PODFILE_DIR_PATH}/Podfile.lock",
				"${PODS_ROOT}/Manifest.lock",
			);
			name = "[CP] Check Pods Manifest.lock";
			outputFileListPaths = (
			);
			outputPaths = (
				"$(DERIVED_FILE_DIR)/Pods-NewsFeed-checkManifestLockResult.txt",
			);
			runOnlyForDeploymentPostprocessing = 0;
			shellPath = /bin/sh;
			shellScript = "diff \"${PODS_PODFILE_DIR_PATH}/Podfile.lock\" \"${PODS_ROOT}/Manifest.lock\" > /dev/null\nif [ $? != 0 ] ; then\n    # print error to STDERR\n    echo \"error: The sandbox is not in sync with the Podfile.lock. Run 'pod install' or update your CocoaPods installation.\" >&2\n    exit 1\nfi\n# This output is used by Xcode 'outputs' to avoid re-running this script phase.\necho \"SUCCESS\" > \"${SCRIPT_OUTPUT_FILE_0}\"\n";
			showEnvVarsInLog = 0;
		};
		A18DEE872073CA2B15F898DC /* [CP] Embed Pods Frameworks */ = {
			isa = PBXShellScriptBuildPhase;
			buildActionMask = 2147483647;
			files = (
			);
			inputFileListPaths = (
				"${PODS_ROOT}/Target Support Files/Pods-NewsFeed/Pods-NewsFeed-frameworks-${CONFIGURATION}-input-files.xcfilelist",
			);
			name = "[CP] Embed Pods Frameworks";
			outputFileListPaths = (
				"${PODS_ROOT}/Target Support Files/Pods-NewsFeed/Pods-NewsFeed-frameworks-${CONFIGURATION}-output-files.xcfilelist",
			);
			runOnlyForDeploymentPostprocessing = 0;
			shellPath = /bin/sh;
			shellScript = "\"${PODS_ROOT}/Target Support Files/Pods-NewsFeed/Pods-NewsFeed-frameworks.sh\"\n";
			showEnvVarsInLog = 0;
		};
/* End PBXShellScriptBuildPhase section */

/* Begin PBXSourcesBuildPhase section */
		7C5C711324A9E7DD006DD0BB /* Sources */ = {
			isa = PBXSourcesBuildPhase;
			buildActionMask = 2147483647;
			files = (
				7C5C715424AA1EF1006DD0BB /* SavedTableViewController.swift in Sources */,
				7C5C711B24A9E7DD006DD0BB /* AppDelegate.swift in Sources */,
				7C5C715824AA1F40006DD0BB /* NotificationProvider.swift in Sources */,
				7C5C714924AA1721006DD0BB /* NewsTableViewController.swift in Sources */,
				7C5C715C24AA2023006DD0BB /* NewsTableViewCell.swift in Sources */,
				7C5C715224AA1E6C006DD0BB /* SearchViewController.swift in Sources */,
				7C5C714E24AA1CDE006DD0BB /* SideBarController.swift in Sources */,
				7C5C715624AA1F20006DD0BB /* NewsProvider.swift in Sources */,
				7C5C715A24AA1FE9006DD0BB /* Extensions.swift in Sources */,
				7C5C716024AA2064006DD0BB /* SearchTableViewCell.swift in Sources */,
				7C5C715024AA1DCD006DD0BB /* NewsDetailViewController.swift in Sources */,
				7C5C715E24AA2049006DD0BB /* NewsSavedTableViewCell.swift in Sources */,
				7C5C711D24A9E7DD006DD0BB /* SceneDelegate.swift in Sources */,
				7C5C714524AA1310006DD0BB /* CachedNews.swift in Sources */,
				7C5C716224ACA438006DD0BB /* AboutViewController.swift in Sources */,
				7C5C714724AA1662006DD0BB /* PieceOfNews.swift in Sources */,
			);
			runOnlyForDeploymentPostprocessing = 0;
		};
/* End PBXSourcesBuildPhase section */

/* Begin PBXVariantGroup section */
		7C5C712024A9E7DD006DD0BB /* Main.storyboard */ = {
			isa = PBXVariantGroup;
			children = (
				7C5C712124A9E7DD006DD0BB /* Base */,
			);
			name = Main.storyboard;
			sourceTree = "<group>";
		};
		7C5C712524A9E7DF006DD0BB /* LaunchScreen.storyboard */ = {
			isa = PBXVariantGroup;
			children = (
				7C5C712624A9E7DF006DD0BB /* Base */,
			);
			name = LaunchScreen.storyboard;
			sourceTree = "<group>";
		};
/* End PBXVariantGroup section */

/* Begin XCBuildConfiguration section */
		7C5C712924A9E7DF006DD0BB /* Debug */ = {
			isa = XCBuildConfiguration;
			buildSettings = {
				ALWAYS_SEARCH_USER_PATHS = NO;
				CLANG_ANALYZER_NONNULL = YES;
				CLANG_ANALYZER_NUMBER_OBJECT_CONVERSION = YES_AGGRESSIVE;
				CLANG_CXX_LANGUAGE_STANDARD = "gnu++14";
				CLANG_CXX_LIBRARY = "libc++";
				CLANG_ENABLE_MODULES = YES;
				CLANG_ENABLE_OBJC_ARC = YES;
				CLANG_ENABLE_OBJC_WEAK = YES;
				CLANG_WARN_BLOCK_CAPTURE_AUTORELEASING = YES;
				CLANG_WARN_BOOL_CONVERSION = YES;
				CLANG_WARN_COMMA = YES;
				CLANG_WARN_CONSTANT_CONVERSION = YES;
				CLANG_WARN_DEPRECATED_OBJC_IMPLEMENTATIONS = YES;
				CLANG_WARN_DIRECT_OBJC_ISA_USAGE = YES_ERROR;
				CLANG_WARN_DOCUMENTATION_COMMENTS = YES;
				CLANG_WARN_EMPTY_BODY = YES;
				CLANG_WARN_ENUM_CONVERSION = YES;
				CLANG_WARN_INFINITE_RECURSION = YES;
				CLANG_WARN_INT_CONVERSION = YES;
				CLANG_WARN_NON_LITERAL_NULL_CONVERSION = YES;
				CLANG_WARN_OBJC_IMPLICIT_RETAIN_SELF = YES;
				CLANG_WARN_OBJC_LITERAL_CONVERSION = YES;
				CLANG_WARN_OBJC_ROOT_CLASS = YES_ERROR;
				CLANG_WARN_RANGE_LOOP_ANALYSIS = YES;
				CLANG_WARN_STRICT_PROTOTYPES = YES;
				CLANG_WARN_SUSPICIOUS_MOVE = YES;
				CLANG_WARN_UNGUARDED_AVAILABILITY = YES_AGGRESSIVE;
				CLANG_WARN_UNREACHABLE_CODE = YES;
				CLANG_WARN__DUPLICATE_METHOD_MATCH = YES;
				COPY_PHASE_STRIP = NO;
				DEBUG_INFORMATION_FORMAT = dwarf;
				ENABLE_STRICT_OBJC_MSGSEND = YES;
				ENABLE_TESTABILITY = YES;
				GCC_C_LANGUAGE_STANDARD = gnu11;
				GCC_DYNAMIC_NO_PIC = NO;
				GCC_NO_COMMON_BLOCKS = YES;
				GCC_OPTIMIZATION_LEVEL = 0;
				GCC_PREPROCESSOR_DEFINITIONS = (
					"DEBUG=1",
					"$(inherited)",
				);
				GCC_WARN_64_TO_32_BIT_CONVERSION = YES;
				GCC_WARN_ABOUT_RETURN_TYPE = YES_ERROR;
				GCC_WARN_UNDECLARED_SELECTOR = YES;
				GCC_WARN_UNINITIALIZED_AUTOS = YES_AGGRESSIVE;
				GCC_WARN_UNUSED_FUNCTION = YES;
				GCC_WARN_UNUSED_VARIABLE = YES;
				IPHONEOS_DEPLOYMENT_TARGET = 13.0;
				MTL_ENABLE_DEBUG_INFO = INCLUDE_SOURCE;
				MTL_FAST_MATH = YES;
				ONLY_ACTIVE_ARCH = YES;
				SDKROOT = iphoneos;
				SWIFT_ACTIVE_COMPILATION_CONDITIONS = DEBUG;
				SWIFT_OPTIMIZATION_LEVEL = "-Onone";
			};
			name = Debug;
		};
		7C5C712A24A9E7DF006DD0BB /* Release */ = {
			isa = XCBuildConfiguration;
			buildSettings = {
				ALWAYS_SEARCH_USER_PATHS = NO;
				CLANG_ANALYZER_NONNULL = YES;
				CLANG_ANALYZER_NUMBER_OBJECT_CONVERSION = YES_AGGRESSIVE;
				CLANG_CXX_LANGUAGE_STANDARD = "gnu++14";
				CLANG_CXX_LIBRARY = "libc++";
				CLANG_ENABLE_MODULES = YES;
				CLANG_ENABLE_OBJC_ARC = YES;
				CLANG_ENABLE_OBJC_WEAK = YES;
				CLANG_WARN_BLOCK_CAPTURE_AUTORELEASING = YES;
				CLANG_WARN_BOOL_CONVERSION = YES;
				CLANG_WARN_COMMA = YES;
				CLANG_WARN_CONSTANT_CONVERSION = YES;
				CLANG_WARN_DEPRECATED_OBJC_IMPLEMENTATIONS = YES;
				CLANG_WARN_DIRECT_OBJC_ISA_USAGE = YES_ERROR;
				CLANG_WARN_DOCUMENTATION_COMMENTS = YES;
				CLANG_WARN_EMPTY_BODY = YES;
				CLANG_WARN_ENUM_CONVERSION = YES;
				CLANG_WARN_INFINITE_RECURSION = YES;
				CLANG_WARN_INT_CONVERSION = YES;
				CLANG_WARN_NON_LITERAL_NULL_CONVERSION = YES;
				CLANG_WARN_OBJC_IMPLICIT_RETAIN_SELF = YES;
				CLANG_WARN_OBJC_LITERAL_CONVERSION = YES;
				CLANG_WARN_OBJC_ROOT_CLASS = YES_ERROR;
				CLANG_WARN_RANGE_LOOP_ANALYSIS = YES;
				CLANG_WARN_STRICT_PROTOTYPES = YES;
				CLANG_WARN_SUSPICIOUS_MOVE = YES;
				CLANG_WARN_UNGUARDED_AVAILABILITY = YES_AGGRESSIVE;
				CLANG_WARN_UNREACHABLE_CODE = YES;
				CLANG_WARN__DUPLICATE_METHOD_MATCH = YES;
				COPY_PHASE_STRIP = NO;
				DEBUG_INFORMATION_FORMAT = "dwarf-with-dsym";
				ENABLE_NS_ASSERTIONS = NO;
				ENABLE_STRICT_OBJC_MSGSEND = YES;
				GCC_C_LANGUAGE_STANDARD = gnu11;
				GCC_NO_COMMON_BLOCKS = YES;
				GCC_WARN_64_TO_32_BIT_CONVERSION = YES;
				GCC_WARN_ABOUT_RETURN_TYPE = YES_ERROR;
				GCC_WARN_UNDECLARED_SELECTOR = YES;
				GCC_WARN_UNINITIALIZED_AUTOS = YES_AGGRESSIVE;
				GCC_WARN_UNUSED_FUNCTION = YES;
				GCC_WARN_UNUSED_VARIABLE = YES;
				IPHONEOS_DEPLOYMENT_TARGET = 13.0;
				MTL_ENABLE_DEBUG_INFO = NO;
				MTL_FAST_MATH = YES;
				SDKROOT = iphoneos;
				SWIFT_COMPILATION_MODE = wholemodule;
				SWIFT_OPTIMIZATION_LEVEL = "-O";
				VALIDATE_PRODUCT = YES;
			};
			name = Release;
		};
		7C5C712C24A9E7DF006DD0BB /* Debug */ = {
			isa = XCBuildConfiguration;
			baseConfigurationReference = E42E8CC5A70FB401F3FF9450 /* Pods-NewsFeed.debug.xcconfig */;
			buildSettings = {
				ASSETCATALOG_COMPILER_APPICON_NAME = AppIcon;
				CODE_SIGN_STYLE = Automatic;
				DEVELOPMENT_TEAM = 5K554A9BGV;
				INFOPLIST_FILE = NewsFeed/Info.plist;
				IPHONEOS_DEPLOYMENT_TARGET = 13.0;
				LD_RUNPATH_SEARCH_PATHS = (
					"$(inherited)",
					"@executable_path/Frameworks",
				);
				PRODUCT_BUNDLE_IDENTIFIER = Zhapparkulov.NewsFeed;
				PRODUCT_NAME = "News Feed";
				SWIFT_VERSION = 5.0;
				TARGETED_DEVICE_FAMILY = "1,2";
			};
			name = Debug;
		};
		7C5C712D24A9E7DF006DD0BB /* Release */ = {
			isa = XCBuildConfiguration;
			baseConfigurationReference = E91547E4096F24356EA63D13 /* Pods-NewsFeed.release.xcconfig */;
			buildSettings = {
				ASSETCATALOG_COMPILER_APPICON_NAME = AppIcon;
				CODE_SIGN_STYLE = Automatic;
				DEVELOPMENT_TEAM = 5K554A9BGV;
				INFOPLIST_FILE = NewsFeed/Info.plist;
				IPHONEOS_DEPLOYMENT_TARGET = 13.0;
				LD_RUNPATH_SEARCH_PATHS = (
					"$(inherited)",
					"@executable_path/Frameworks",
				);
				PRODUCT_BUNDLE_IDENTIFIER = Zhapparkulov.NewsFeed;
				PRODUCT_NAME = "News Feed";
				SWIFT_VERSION = 5.0;
				TARGETED_DEVICE_FAMILY = "1,2";
			};
			name = Release;
		};
/* End XCBuildConfiguration section */

/* Begin XCConfigurationList section */
		7C5C711224A9E7DD006DD0BB /* Build configuration list for PBXProject "NewsFeed" */ = {
			isa = XCConfigurationList;
			buildConfigurations = (
				7C5C712924A9E7DF006DD0BB /* Debug */,
				7C5C712A24A9E7DF006DD0BB /* Release */,
			);
			defaultConfigurationIsVisible = 0;
			defaultConfigurationName = Release;
		};
		7C5C712B24A9E7DF006DD0BB /* Build configuration list for PBXNativeTarget "NewsFeed" */ = {
			isa = XCConfigurationList;
			buildConfigurations = (
				7C5C712C24A9E7DF006DD0BB /* Debug */,
				7C5C712D24A9E7DF006DD0BB /* Release */,
			);
			defaultConfigurationIsVisible = 0;
			defaultConfigurationName = Release;
		};
/* End XCConfigurationList section */

/* Begin XCRemoteSwiftPackageReference section */
		7C5C713124AA05EF006DD0BB /* XCRemoteSwiftPackageReference "JGProgressHUD" */ = {
			isa = XCRemoteSwiftPackageReference;
			repositoryURL = "https://github.com/JonasGessner/JGProgressHUD.git";
			requirement = {
				kind = upToNextMajorVersion;
				minimumVersion = 2.1.0;
			};
		};
		7C5C713724AA08BF006DD0BB /* XCRemoteSwiftPackageReference "SwiftSoup" */ = {
			isa = XCRemoteSwiftPackageReference;
			repositoryURL = "https://github.com/scinfu/SwiftSoup.git";
			requirement = {
				kind = upToNextMajorVersion;
				minimumVersion = 2.3.2;
			};
		};
		7C5C713A24AA0A33006DD0BB /* XCRemoteSwiftPackageReference "SideMenu" */ = {
			isa = XCRemoteSwiftPackageReference;
			repositoryURL = "https://github.com/jonkykong/SideMenu.git";
			requirement = {
				kind = upToNextMajorVersion;
				minimumVersion = 6.4.9;
			};
		};
		7C5C714A24AA18BC006DD0BB /* XCRemoteSwiftPackageReference "SDWebImageSVGCoder" */ = {
			isa = XCRemoteSwiftPackageReference;
			repositoryURL = "https://github.com/SDWebImage/SDWebImageSVGCoder.git";
			requirement = {
				kind = upToNextMajorVersion;
				minimumVersion = 1.5.0;
			};
		};
/* End XCRemoteSwiftPackageReference section */

/* Begin XCSwiftPackageProductDependency section */
		7C5C713224AA05EF006DD0BB /* JGProgressHUD */ = {
			isa = XCSwiftPackageProductDependency;
			package = 7C5C713124AA05EF006DD0BB /* XCRemoteSwiftPackageReference "JGProgressHUD" */;
			productName = JGProgressHUD;
		};
		7C5C713824AA08BF006DD0BB /* SwiftSoup */ = {
			isa = XCSwiftPackageProductDependency;
			package = 7C5C713724AA08BF006DD0BB /* XCRemoteSwiftPackageReference "SwiftSoup" */;
			productName = SwiftSoup;
		};
		7C5C713B24AA0A33006DD0BB /* SideMenu */ = {
			isa = XCSwiftPackageProductDependency;
			package = 7C5C713A24AA0A33006DD0BB /* XCRemoteSwiftPackageReference "SideMenu" */;
			productName = SideMenu;
		};
		7C5C714B24AA18BC006DD0BB /* SDWebImageSVGCoder */ = {
			isa = XCSwiftPackageProductDependency;
			package = 7C5C714A24AA18BC006DD0BB /* XCRemoteSwiftPackageReference "SDWebImageSVGCoder" */;
			productName = SDWebImageSVGCoder;
		};
/* End XCSwiftPackageProductDependency section */
	};
	rootObject = 7C5C710F24A9E7DD006DD0BB /* Project object */;
}
